
Microsoft Visual Studio Solution File, Format Version 12.00
# Visual Studio 15
VisualStudioVersion = 15.0.27428.2037
MinimumVisualStudioVersion = 10.0.40219.1
Project("{FAE04EC0-301F-11D3-BF4B-00C04F79EFBC}") = "01-good-old-times", "01-good-old-times\01-good-old-times.csproj", "{5CC59715-89B1-4C49-99B0-6ECD0B9C6361}"
EndProject
Project("{2150E333-8FDC-42A3-9474-1A3956D46DE8}") = "data", "data", "{274D7F4B-B10F-48E7-8253-9CFC811A4D90}"
	ProjectSection(SolutionItems) = preProject
		data\abc_abc.txt = data\abc_abc.txt
		data\pride-and-prejudice-expected.txt = data\pride-and-prejudice-expected.txt
		data\pride-and-prejudice-input.txt = data\pride-and-prejudice-input.txt
		data\stop_words.txt = data\stop_words.txt
		data\test.txt = data\test.txt
		data\times_time.txt = data\times_time.txt
	EndProjectSection
EndProject
Project("{FAE04EC0-301F-11D3-BF4B-00C04F79EFBC}") = "02-go-forth", "02-go-forth\02-go-forth.csproj", "{64730629-4947-442D-8529-EAAB90AD53EB}"
EndProject
Project("{FAE04EC0-301F-11D3-BF4B-00C04F79EFBC}") = "03-monolith", "03-monolith\03-monolith.csproj", "{D31D2E77-6D88-4EC4-A23D-26D65E13DC83}"
EndProject
Project("{FAE04EC0-301F-11D3-BF4B-00C04F79EFBC}") = "04-cookbook", "04-cookbook\04-cookbook.csproj", "{194A77C7-56BE-4502-B016-3623103D145C}"
EndProject
Project("{FAE04EC0-301F-11D3-BF4B-00C04F79EFBC}") = "05-pipeline", "05-pipeline\05-pipeline.csproj", "{E8FEB1DB-779D-441D-84C7-1FEFF0C723A9}"
EndProject
Project("{FAE04EC0-301F-11D3-BF4B-00C04F79EFBC}") = "06-code-golf", "06-code-golf\06-code-golf.csproj", "{22F44398-155E-4F9D-91F6-CF6323EB9B4C}"
EndProject
Global
	GlobalSection(SolutionConfigurationPlatforms) = preSolution
		Debug|Any CPU = Debug|Any CPU
		Release|Any CPU = Release|Any CPU
	EndGlobalSection
	GlobalSection(ProjectConfigurationPlatforms) = postSolution
		{5CC59715-89B1-4C49-99B0-6ECD0B9C6361}.Debug|Any CPU.ActiveCfg = Debug|Any CPU
		{5CC59715-89B1-4C49-99B0-6ECD0B9C6361}.Debug|Any CPU.Build.0 = Debug|Any CPU
		{5CC59715-89B1-4C49-99B0-6ECD0B9C6361}.Release|Any CPU.ActiveCfg = Release|Any CPU
		{5CC59715-89B1-4C49-99B0-6ECD0B9C6361}.Release|Any CPU.Build.0 = Release|Any CPU
		{64730629-4947-442D-8529-EAAB90AD53EB}.Debug|Any CPU.ActiveCfg = Debug|Any CPU
		{64730629-4947-442D-8529-EAAB90AD53EB}.Debug|Any CPU.Build.0 = Debug|Any CPU
		{64730629-4947-442D-8529-EAAB90AD53EB}.Release|Any CPU.ActiveCfg = Release|Any CPU
		{64730629-4947-442D-8529-EAAB90AD53EB}.Release|Any CPU.Build.0 = Release|Any CPU
		{D31D2E77-6D88-4EC4-A23D-26D65E13DC83}.Debug|Any CPU.ActiveCfg = Debug|Any CPU
		{D31D2E77-6D88-4EC4-A23D-26D65E13DC83}.Debug|Any CPU.Build.0 = Debug|Any CPU
		{D31D2E77-6D88-4EC4-A23D-26D65E13DC83}.Release|Any CPU.ActiveCfg = Release|Any CPU
		{D31D2E77-6D88-4EC4-A23D-26D65E13DC83}.Release|Any CPU.Build.0 = Release|Any CPU
		{194A77C7-56BE-4502-B016-3623103D145C}.Debug|Any CPU.ActiveCfg = Debug|Any CPU
		{194A77C7-56BE-4502-B016-3623103D145C}.Debug|Any CPU.Build.0 = Debug|Any CPU
		{194A77C7-56BE-4502-B016-3623103D145C}.Release|Any CPU.ActiveCfg = Release|Any CPU
		{194A77C7-56BE-4502-B016-3623103D145C}.Release|Any CPU.Build.0 = Release|Any CPU
		{E8FEB1DB-779D-441D-84C7-1FEFF0C723A9}.Debug|Any CPU.ActiveCfg = Debug|Any CPU
		{E8FEB1DB-779D-441D-84C7-1FEFF0C723A9}.Debug|Any CPU.Build.0 = Debug|Any CPU
		{E8FEB1DB-779D-441D-84C7-1FEFF0C723A9}.Release|Any CPU.ActiveCfg = Release|Any CPU
		{E8FEB1DB-779D-441D-84C7-1FEFF0C723A9}.Release|Any CPU.Build.0 = Release|Any CPU
		{22F44398-155E-4F9D-91F6-CF6323EB9B4C}.Debug|Any CPU.ActiveCfg = Debug|Any CPU
		{22F44398-155E-4F9D-91F6-CF6323EB9B4C}.Debug|Any CPU.Build.0 = Debug|Any CPU
		{22F44398-155E-4F9D-91F6-CF6323EB9B4C}.Release|Any CPU.ActiveCfg = Release|Any CPU
		{22F44398-155E-4F9D-91F6-CF6323EB9B4C}.Release|Any CPU.Build.0 = Release|Any CPU
	EndGlobalSection
	GlobalSection(SolutionProperties) = preSolution
		HideSolutionNode = FALSE
	EndGlobalSection
	GlobalSection(ExtensibilityGlobals) = postSolution
		SolutionGuid = {A875CD91-287A-4643-A0CB-34D942C055BB}
	EndGlobalSection
EndGlobal
